Microsoft Visual Studio Solution File, Format Version 12.00
# Visual Studio 2013
VisualStudioVersion = 12.0.30723.0
MinimumVisualStudioVersion = 10.0.40219.1
Project("{FAE04EC0-301F-11D3-BF4B-00C04F79EFBC}") = "HolisticWare.Core", "HolisticWare.Core\HolisticWare.Core.csproj", "{9F05BFFD-2F7C-49C5-A659-4597F5A2EF08}"
EndProject
Project("{FAE04EC0-301F-11D3-BF4B-00C04F79EFBC}") = "HolisticWare.Core.Net.HTTP", "HolisticWare.Core.Net.HTTP\HolisticWare.Core.Net.HTTP.csproj", "{069E3F0D-E1E5-4B5A-9AE0-F7A90EF87F61}"
EndProject
Project("{FAE04EC0-301F-11D3-BF4B-00C04F79EFBC}") = "HolisticWare.Core.Json", "HolisticWare.Core.Json\HolisticWare.Core.Json.csproj", "{6AE0B665-EDCA-4033-A2D1-F2DADDB44829}"
EndProject
Project("{FAE04EC0-301F-11D3-BF4B-00C04F79EFBC}") = "HolisticWare.Core.Reflection", "HolisticWare.Core.Reflection\HolisticWare.Core.Reflection.csproj", "{62A6F607-1190-4CF7-A62A-BF25235F632F}"
EndProject
Global
	GlobalSection(SolutionConfigurationPlatforms) = preSolution
		Debug|Any CPU = Debug|Any CPU
		Release|Any CPU = Release|Any CPU
	EndGlobalSection
	GlobalSection(ProjectConfigurationPlatforms) = postSolution
		{9F05BFFD-2F7C-49C5-A659-4597F5A2EF08}.Debug|Any CPU.ActiveCfg = Debug|Any CPU
		{9F05BFFD-2F7C-49C5-A659-4597F5A2EF08}.Debug|Any CPU.Build.0 = Debug|Any CPU
		{9F05BFFD-2F7C-49C5-A659-4597F5A2EF08}.Release|Any CPU.ActiveCfg = Release|Any CPU
		{9F05BFFD-2F7C-49C5-A659-4597F5A2EF08}.Release|Any CPU.Build.0 = Release|Any CPU
		{069E3F0D-E1E5-4B5A-9AE0-F7A90EF87F61}.Debug|Any CPU.ActiveCfg = Debug|Any CPU
		{069E3F0D-E1E5-4B5A-9AE0-F7A90EF87F61}.Debug|Any CPU.Build.0 = Debug|Any CPU
		{069E3F0D-E1E5-4B5A-9AE0-F7A90EF87F61}.Release|Any CPU.ActiveCfg = Release|Any CPU
		{069E3F0D-E1E5-4B5A-9AE0-F7A90EF87F61}.Release|Any CPU.Build.0 = Release|Any CPU
		{6AE0B665-EDCA-4033-A2D1-F2DADDB44829}.Debug|Any CPU.ActiveCfg = Debug|Any CPU
		{6AE0B665-EDCA-4033-A2D1-F2DADDB44829}.Debug|Any CPU.Build.0 = Debug|Any CPU
		{6AE0B665-EDCA-4033-A2D1-F2DADDB44829}.Release|Any CPU.ActiveCfg = Release|Any CPU
		{6AE0B665-EDCA-4033-A2D1-F2DADDB44829}.Release|Any CPU.Build.0 = Release|Any CPU
		{62A6F607-1190-4CF7-A62A-BF25235F632F}.Debug|Any CPU.ActiveCfg = Debug|Any CPU
		{62A6F607-1190-4CF7-A62A-BF25235F632F}.Debug|Any CPU.Build.0 = Debug|Any CPU
		{62A6F607-1190-4CF7-A62A-BF25235F632F}.Release|Any CPU.ActiveCfg = Release|Any CPU
		{62A6F607-1190-4CF7-A62A-BF25235F632F}.Release|Any CPU.Build.0 = Release|Any CPU
	EndGlobalSection
	GlobalSection(SolutionProperties) = preSolution
		HideSolutionNode = FALSE
	EndGlobalSection
EndGlobal
