Microsoft Visual Studio Solution File, Format Version 12.00
# Visual Studio 2013
VisualStudioVersion = 12.0.30723.0
MinimumVisualStudioVersion = 10.0.40219.1
Project("{FAE04EC0-301F-11D3-BF4B-00C04F79EFBC}") = "XamarinFormsPortable", "XamarinFormsPortable\XamarinFormsPortable\XamarinFormsPortable.csproj", "{71D18F25-DC24-4F88-AB90-B379D5849E98}"
EndProject
Project("{FAE04EC0-301F-11D3-BF4B-00C04F79EFBC}") = "XamarinFormsPortable.iOS", "XamarinFormsPortable\XamarinFormsPortable.iOS\XamarinFormsPortable.iOS.csproj", "{BD00AE83-F9AB-4A85-B32A-78EB9FA77B83}"
EndProject
Project("{FAE04EC0-301F-11D3-BF4B-00C04F79EFBC}") = "XamarinFormsPortable.Android", "XamarinFormsPortable\XamarinFormsPortable.Android\XamarinFormsPortable.Android.csproj", "{A2AFFA33-4EE4-4F17-96E5-6A5C18A6CCFC}"
EndProject
Project("{FAE04EC0-301F-11D3-BF4B-00C04F79EFBC}") = "XamarinFormsPortable.WinPhone", "XamarinFormsPortable\XamarinFormsPortable.WinPhone\XamarinFormsPortable.WinPhone.csproj", "{2106FA83-E584-4587-A0D9-61155DC6DD03}"
EndProject
Project("{FAE04EC0-301F-11D3-BF4B-00C04F79EFBC}") = "XamarinFormsShared.WinPhone", "XamarinFormsShared\XamarinFormsShared.WinPhone\XamarinFormsShared.WinPhone.csproj", "{E7387734-5D17-40D2-AD5D-0D6023440D4E}"
EndProject
Project("{FAE04EC0-301F-11D3-BF4B-00C04F79EFBC}") = "XamarinFormsShared.iOS", "XamarinFormsShared\XamarinFormsShared.iOS\XamarinFormsShared.iOS.csproj", "{B99C567E-E57D-424B-A797-2E7CE097C466}"
EndProject
Project("{FAE04EC0-301F-11D3-BF4B-00C04F79EFBC}") = "XamarinFormsShared.Android", "XamarinFormsShared\XamarinFormsShared.Android\XamarinFormsShared.Android.csproj", "{C6539998-28D9-4A7E-B1B6-BFA6E1B1CA5A}"
EndProject
Project("{D954291E-2A0B-460D-934E-DC6B0785DB48}") = "XamarinFormsShared", "XamarinFormsShared\XamarinFormsShared\XamarinFormsShared.shproj", "{A3551E3C-E1F3-453D-96E1-95DD9EA5FE32}"
EndProject
Project("{FAE04EC0-301F-11D3-BF4B-00C04F79EFBC}") = "HolisticWare.Core", "..\HolisticWare.Core\HolisticWare.Core.csproj", "{5DB22B47-9399-483F-83B3-A0B4F2756025}"
EndProject
Global
	GlobalSection(SharedMSBuildProjectFiles) = preSolution
		XamarinFormsShared\XamarinFormsShared\XamarinFormsShared.projitems*{e7387734-5d17-40d2-ad5d-0d6023440d4e}*SharedItemsImports = 4
		XamarinFormsShared\XamarinFormsShared\XamarinFormsShared.projitems*{a3551e3c-e1f3-453d-96e1-95dd9ea5fe32}*SharedItemsImports = 13
		XamarinFormsShared\XamarinFormsShared\XamarinFormsShared.projitems*{c6539998-28d9-4a7e-b1b6-bfa6e1b1ca5a}*SharedItemsImports = 4
		XamarinFormsShared\XamarinFormsShared\XamarinFormsShared.projitems*{b99c567e-e57d-424b-a797-2e7ce097c466}*SharedItemsImports = 4
	EndGlobalSection
	GlobalSection(SolutionConfigurationPlatforms) = preSolution
		Ad-Hoc|Any CPU = Ad-Hoc|Any CPU
		Ad-Hoc|ARM = Ad-Hoc|ARM
		Ad-Hoc|iPhone = Ad-Hoc|iPhone
		Ad-Hoc|iPhoneSimulator = Ad-Hoc|iPhoneSimulator
		Ad-Hoc|Mixed Platforms = Ad-Hoc|Mixed Platforms
		Ad-Hoc|x86 = Ad-Hoc|x86
		AppStore|Any CPU = AppStore|Any CPU
		AppStore|ARM = AppStore|ARM
		AppStore|iPhone = AppStore|iPhone
		AppStore|iPhoneSimulator = AppStore|iPhoneSimulator
		AppStore|Mixed Platforms = AppStore|Mixed Platforms
		AppStore|x86 = AppStore|x86
		Debug|Any CPU = Debug|Any CPU
		Debug|ARM = Debug|ARM
		Debug|iPhone = Debug|iPhone
		Debug|iPhoneSimulator = Debug|iPhoneSimulator
		Debug|Mixed Platforms = Debug|Mixed Platforms
		Debug|x86 = Debug|x86
		Release|Any CPU = Release|Any CPU
		Release|ARM = Release|ARM
		Release|iPhone = Release|iPhone
		Release|iPhoneSimulator = Release|iPhoneSimulator
		Release|Mixed Platforms = Release|Mixed Platforms
		Release|x86 = Release|x86
	EndGlobalSection
	GlobalSection(ProjectConfigurationPlatforms) = postSolution
		{71D18F25-DC24-4F88-AB90-B379D5849E98}.Ad-Hoc|Any CPU.ActiveCfg = Release|Any CPU
		{71D18F25-DC24-4F88-AB90-B379D5849E98}.Ad-Hoc|Any CPU.Build.0 = Release|Any CPU
		{71D18F25-DC24-4F88-AB90-B379D5849E98}.Ad-Hoc|ARM.ActiveCfg = Release|Any CPU
		{71D18F25-DC24-4F88-AB90-B379D5849E98}.Ad-Hoc|iPhone.ActiveCfg = Release|Any CPU
		{71D18F25-DC24-4F88-AB90-B379D5849E98}.Ad-Hoc|iPhoneSimulator.ActiveCfg = Release|Any CPU
		{71D18F25-DC24-4F88-AB90-B379D5849E98}.Ad-Hoc|Mixed Platforms.ActiveCfg = Release|Any CPU
		{71D18F25-DC24-4F88-AB90-B379D5849E98}.Ad-Hoc|Mixed Platforms.Build.0 = Release|Any CPU
		{71D18F25-DC24-4F88-AB90-B379D5849E98}.Ad-Hoc|x86.ActiveCfg = Release|Any CPU
		{71D18F25-DC24-4F88-AB90-B379D5849E98}.AppStore|Any CPU.ActiveCfg = Release|Any CPU
		{71D18F25-DC24-4F88-AB90-B379D5849E98}.AppStore|Any CPU.Build.0 = Release|Any CPU
		{71D18F25-DC24-4F88-AB90-B379D5849E98}.AppStore|ARM.ActiveCfg = Release|Any CPU
		{71D18F25-DC24-4F88-AB90-B379D5849E98}.AppStore|iPhone.ActiveCfg = Release|Any CPU
		{71D18F25-DC24-4F88-AB90-B379D5849E98}.AppStore|iPhoneSimulator.ActiveCfg = Release|Any CPU
		{71D18F25-DC24-4F88-AB90-B379D5849E98}.AppStore|Mixed Platforms.ActiveCfg = Release|Any CPU
		{71D18F25-DC24-4F88-AB90-B379D5849E98}.AppStore|Mixed Platforms.Build.0 = Release|Any CPU
		{71D18F25-DC24-4F88-AB90-B379D5849E98}.AppStore|x86.ActiveCfg = Release|Any CPU
		{71D18F25-DC24-4F88-AB90-B379D5849E98}.Debug|Any CPU.ActiveCfg = Debug|Any CPU
		{71D18F25-DC24-4F88-AB90-B379D5849E98}.Debug|Any CPU.Build.0 = Debug|Any CPU
		{71D18F25-DC24-4F88-AB90-B379D5849E98}.Debug|ARM.ActiveCfg = Debug|Any CPU
		{71D18F25-DC24-4F88-AB90-B379D5849E98}.Debug|iPhone.ActiveCfg = Debug|Any CPU
		{71D18F25-DC24-4F88-AB90-B379D5849E98}.Debug|iPhoneSimulator.ActiveCfg = Debug|Any CPU
		{71D18F25-DC24-4F88-AB90-B379D5849E98}.Debug|Mixed Platforms.ActiveCfg = Debug|Any CPU
		{71D18F25-DC24-4F88-AB90-B379D5849E98}.Debug|Mixed Platforms.Build.0 = Debug|Any CPU
		{71D18F25-DC24-4F88-AB90-B379D5849E98}.Debug|x86.ActiveCfg = Debug|Any CPU
		{71D18F25-DC24-4F88-AB90-B379D5849E98}.Release|Any CPU.ActiveCfg = Release|Any CPU
		{71D18F25-DC24-4F88-AB90-B379D5849E98}.Release|Any CPU.Build.0 = Release|Any CPU
		{71D18F25-DC24-4F88-AB90-B379D5849E98}.Release|ARM.ActiveCfg = Release|Any CPU
		{71D18F25-DC24-4F88-AB90-B379D5849E98}.Release|iPhone.ActiveCfg = Release|Any CPU
		{71D18F25-DC24-4F88-AB90-B379D5849E98}.Release|iPhoneSimulator.ActiveCfg = Release|Any CPU
		{71D18F25-DC24-4F88-AB90-B379D5849E98}.Release|Mixed Platforms.ActiveCfg = Release|Any CPU
		{71D18F25-DC24-4F88-AB90-B379D5849E98}.Release|Mixed Platforms.Build.0 = Release|Any CPU
		{71D18F25-DC24-4F88-AB90-B379D5849E98}.Release|x86.ActiveCfg = Release|Any CPU
		{BD00AE83-F9AB-4A85-B32A-78EB9FA77B83}.Ad-Hoc|Any CPU.ActiveCfg = Ad-Hoc|iPhone
		{BD00AE83-F9AB-4A85-B32A-78EB9FA77B83}.Ad-Hoc|ARM.ActiveCfg = Ad-Hoc|iPhone
		{BD00AE83-F9AB-4A85-B32A-78EB9FA77B83}.Ad-Hoc|iPhone.ActiveCfg = Ad-Hoc|iPhone
		{BD00AE83-F9AB-4A85-B32A-78EB9FA77B83}.Ad-Hoc|iPhone.Build.0 = Ad-Hoc|iPhone
		{BD00AE83-F9AB-4A85-B32A-78EB9FA77B83}.Ad-Hoc|iPhoneSimulator.ActiveCfg = Ad-Hoc|iPhoneSimulator
		{BD00AE83-F9AB-4A85-B32A-78EB9FA77B83}.Ad-Hoc|iPhoneSimulator.Build.0 = Ad-Hoc|iPhoneSimulator
		{BD00AE83-F9AB-4A85-B32A-78EB9FA77B83}.Ad-Hoc|Mixed Platforms.ActiveCfg = Ad-Hoc|iPhone
		{BD00AE83-F9AB-4A85-B32A-78EB9FA77B83}.Ad-Hoc|Mixed Platforms.Build.0 = Ad-Hoc|iPhone
		{BD00AE83-F9AB-4A85-B32A-78EB9FA77B83}.Ad-Hoc|x86.ActiveCfg = Ad-Hoc|iPhone
		{BD00AE83-F9AB-4A85-B32A-78EB9FA77B83}.AppStore|Any CPU.ActiveCfg = AppStore|iPhone
		{BD00AE83-F9AB-4A85-B32A-78EB9FA77B83}.AppStore|ARM.ActiveCfg = AppStore|iPhone
		{BD00AE83-F9AB-4A85-B32A-78EB9FA77B83}.AppStore|iPhone.ActiveCfg = AppStore|iPhone
		{BD00AE83-F9AB-4A85-B32A-78EB9FA77B83}.AppStore|iPhone.Build.0 = AppStore|iPhone
		{BD00AE83-F9AB-4A85-B32A-78EB9FA77B83}.AppStore|iPhoneSimulator.ActiveCfg = AppStore|iPhoneSimulator
		{BD00AE83-F9AB-4A85-B32A-78EB9FA77B83}.AppStore|iPhoneSimulator.Build.0 = AppStore|iPhoneSimulator
		{BD00AE83-F9AB-4A85-B32A-78EB9FA77B83}.AppStore|Mixed Platforms.ActiveCfg = AppStore|iPhone
		{BD00AE83-F9AB-4A85-B32A-78EB9FA77B83}.AppStore|Mixed Platforms.Build.0 = AppStore|iPhone
		{BD00AE83-F9AB-4A85-B32A-78EB9FA77B83}.AppStore|x86.ActiveCfg = AppStore|iPhone
		{BD00AE83-F9AB-4A85-B32A-78EB9FA77B83}.Debug|Any CPU.ActiveCfg = Debug|iPhone
		{BD00AE83-F9AB-4A85-B32A-78EB9FA77B83}.Debug|ARM.ActiveCfg = Debug|iPhone
		{BD00AE83-F9AB-4A85-B32A-78EB9FA77B83}.Debug|iPhone.ActiveCfg = Debug|iPhone
		{BD00AE83-F9AB-4A85-B32A-78EB9FA77B83}.Debug|iPhone.Build.0 = Debug|iPhone
		{BD00AE83-F9AB-4A85-B32A-78EB9FA77B83}.Debug|iPhoneSimulator.ActiveCfg = Debug|iPhoneSimulator
		{BD00AE83-F9AB-4A85-B32A-78EB9FA77B83}.Debug|iPhoneSimulator.Build.0 = Debug|iPhoneSimulator
		{BD00AE83-F9AB-4A85-B32A-78EB9FA77B83}.Debug|Mixed Platforms.ActiveCfg = Debug|iPhone
		{BD00AE83-F9AB-4A85-B32A-78EB9FA77B83}.Debug|Mixed Platforms.Build.0 = Debug|iPhone
		{BD00AE83-F9AB-4A85-B32A-78EB9FA77B83}.Debug|x86.ActiveCfg = Debug|iPhone
		{BD00AE83-F9AB-4A85-B32A-78EB9FA77B83}.Release|Any CPU.ActiveCfg = Release|iPhone
		{BD00AE83-F9AB-4A85-B32A-78EB9FA77B83}.Release|ARM.ActiveCfg = Release|iPhone
		{BD00AE83-F9AB-4A85-B32A-78EB9FA77B83}.Release|iPhone.ActiveCfg = Release|iPhone
		{BD00AE83-F9AB-4A85-B32A-78EB9FA77B83}.Release|iPhone.Build.0 = Release|iPhone
		{BD00AE83-F9AB-4A85-B32A-78EB9FA77B83}.Release|iPhoneSimulator.ActiveCfg = Release|iPhoneSimulator
		{BD00AE83-F9AB-4A85-B32A-78EB9FA77B83}.Release|iPhoneSimulator.Build.0 = Release|iPhoneSimulator
		{BD00AE83-F9AB-4A85-B32A-78EB9FA77B83}.Release|Mixed Platforms.ActiveCfg = Release|iPhone
		{BD00AE83-F9AB-4A85-B32A-78EB9FA77B83}.Release|Mixed Platforms.Build.0 = Release|iPhone
		{BD00AE83-F9AB-4A85-B32A-78EB9FA77B83}.Release|x86.ActiveCfg = Release|iPhone
		{A2AFFA33-4EE4-4F17-96E5-6A5C18A6CCFC}.Ad-Hoc|Any CPU.ActiveCfg = Release|Any CPU
		{A2AFFA33-4EE4-4F17-96E5-6A5C18A6CCFC}.Ad-Hoc|Any CPU.Build.0 = Release|Any CPU
		{A2AFFA33-4EE4-4F17-96E5-6A5C18A6CCFC}.Ad-Hoc|Any CPU.Deploy.0 = Release|Any CPU
		{A2AFFA33-4EE4-4F17-96E5-6A5C18A6CCFC}.Ad-Hoc|ARM.ActiveCfg = Release|Any CPU
		{A2AFFA33-4EE4-4F17-96E5-6A5C18A6CCFC}.Ad-Hoc|iPhone.ActiveCfg = Release|Any CPU
		{A2AFFA33-4EE4-4F17-96E5-6A5C18A6CCFC}.Ad-Hoc|iPhoneSimulator.ActiveCfg = Release|Any CPU
		{A2AFFA33-4EE4-4F17-96E5-6A5C18A6CCFC}.Ad-Hoc|Mixed Platforms.ActiveCfg = Release|Any CPU
		{A2AFFA33-4EE4-4F17-96E5-6A5C18A6CCFC}.Ad-Hoc|Mixed Platforms.Build.0 = Release|Any CPU
		{A2AFFA33-4EE4-4F17-96E5-6A5C18A6CCFC}.Ad-Hoc|Mixed Platforms.Deploy.0 = Release|Any CPU
		{A2AFFA33-4EE4-4F17-96E5-6A5C18A6CCFC}.Ad-Hoc|x86.ActiveCfg = Release|Any CPU
		{A2AFFA33-4EE4-4F17-96E5-6A5C18A6CCFC}.AppStore|Any CPU.ActiveCfg = Release|Any CPU
		{A2AFFA33-4EE4-4F17-96E5-6A5C18A6CCFC}.AppStore|Any CPU.Build.0 = Release|Any CPU
		{A2AFFA33-4EE4-4F17-96E5-6A5C18A6CCFC}.AppStore|Any CPU.Deploy.0 = Release|Any CPU
		{A2AFFA33-4EE4-4F17-96E5-6A5C18A6CCFC}.AppStore|ARM.ActiveCfg = Release|Any CPU
		{A2AFFA33-4EE4-4F17-96E5-6A5C18A6CCFC}.AppStore|iPhone.ActiveCfg = Release|Any CPU
		{A2AFFA33-4EE4-4F17-96E5-6A5C18A6CCFC}.AppStore|iPhoneSimulator.ActiveCfg = Release|Any CPU
		{A2AFFA33-4EE4-4F17-96E5-6A5C18A6CCFC}.AppStore|Mixed Platforms.ActiveCfg = Release|Any CPU
		{A2AFFA33-4EE4-4F17-96E5-6A5C18A6CCFC}.AppStore|Mixed Platforms.Build.0 = Release|Any CPU
		{A2AFFA33-4EE4-4F17-96E5-6A5C18A6CCFC}.AppStore|Mixed Platforms.Deploy.0 = Release|Any CPU
		{A2AFFA33-4EE4-4F17-96E5-6A5C18A6CCFC}.AppStore|x86.ActiveCfg = Release|Any CPU
		{A2AFFA33-4EE4-4F17-96E5-6A5C18A6CCFC}.Debug|Any CPU.ActiveCfg = Debug|Any CPU
		{A2AFFA33-4EE4-4F17-96E5-6A5C18A6CCFC}.Debug|Any CPU.Build.0 = Debug|Any CPU
		{A2AFFA33-4EE4-4F17-96E5-6A5C18A6CCFC}.Debug|Any CPU.Deploy.0 = Debug|Any CPU
		{A2AFFA33-4EE4-4F17-96E5-6A5C18A6CCFC}.Debug|ARM.ActiveCfg = Debug|Any CPU
		{A2AFFA33-4EE4-4F17-96E5-6A5C18A6CCFC}.Debug|iPhone.ActiveCfg = Debug|Any CPU
		{A2AFFA33-4EE4-4F17-96E5-6A5C18A6CCFC}.Debug|iPhoneSimulator.ActiveCfg = Debug|Any CPU
		{A2AFFA33-4EE4-4F17-96E5-6A5C18A6CCFC}.Debug|Mixed Platforms.ActiveCfg = Debug|Any CPU
		{A2AFFA33-4EE4-4F17-96E5-6A5C18A6CCFC}.Debug|Mixed Platforms.Build.0 = Debug|Any CPU
		{A2AFFA33-4EE4-4F17-96E5-6A5C18A6CCFC}.Debug|Mixed Platforms.Deploy.0 = Debug|Any CPU
		{A2AFFA33-4EE4-4F17-96E5-6A5C18A6CCFC}.Debug|x86.ActiveCfg = Debug|Any CPU
		{A2AFFA33-4EE4-4F17-96E5-6A5C18A6CCFC}.Release|Any CPU.ActiveCfg = Release|Any CPU
		{A2AFFA33-4EE4-4F17-96E5-6A5C18A6CCFC}.Release|Any CPU.Build.0 = Release|Any CPU
		{A2AFFA33-4EE4-4F17-96E5-6A5C18A6CCFC}.Release|Any CPU.Deploy.0 = Release|Any CPU
		{A2AFFA33-4EE4-4F17-96E5-6A5C18A6CCFC}.Release|ARM.ActiveCfg = Release|Any CPU
		{A2AFFA33-4EE4-4F17-96E5-6A5C18A6CCFC}.Release|iPhone.ActiveCfg = Release|Any CPU
		{A2AFFA33-4EE4-4F17-96E5-6A5C18A6CCFC}.Release|iPhoneSimulator.ActiveCfg = Release|Any CPU
		{A2AFFA33-4EE4-4F17-96E5-6A5C18A6CCFC}.Release|Mixed Platforms.ActiveCfg = Release|Any CPU
		{A2AFFA33-4EE4-4F17-96E5-6A5C18A6CCFC}.Release|Mixed Platforms.Build.0 = Release|Any CPU
		{A2AFFA33-4EE4-4F17-96E5-6A5C18A6CCFC}.Release|Mixed Platforms.Deploy.0 = Release|Any CPU
		{A2AFFA33-4EE4-4F17-96E5-6A5C18A6CCFC}.Release|x86.ActiveCfg = Release|Any CPU
		{2106FA83-E584-4587-A0D9-61155DC6DD03}.Ad-Hoc|Any CPU.ActiveCfg = Release|Any CPU
		{2106FA83-E584-4587-A0D9-61155DC6DD03}.Ad-Hoc|Any CPU.Build.0 = Release|Any CPU
		{2106FA83-E584-4587-A0D9-61155DC6DD03}.Ad-Hoc|Any CPU.Deploy.0 = Release|Any CPU
		{2106FA83-E584-4587-A0D9-61155DC6DD03}.Ad-Hoc|ARM.ActiveCfg = Release|ARM
		{2106FA83-E584-4587-A0D9-61155DC6DD03}.Ad-Hoc|ARM.Build.0 = Release|ARM
		{2106FA83-E584-4587-A0D9-61155DC6DD03}.Ad-Hoc|ARM.Deploy.0 = Release|ARM
		{2106FA83-E584-4587-A0D9-61155DC6DD03}.Ad-Hoc|iPhone.ActiveCfg = Release|Any CPU
		{2106FA83-E584-4587-A0D9-61155DC6DD03}.Ad-Hoc|iPhoneSimulator.ActiveCfg = Release|Any CPU
		{2106FA83-E584-4587-A0D9-61155DC6DD03}.Ad-Hoc|Mixed Platforms.ActiveCfg = Release|x86
		{2106FA83-E584-4587-A0D9-61155DC6DD03}.Ad-Hoc|Mixed Platforms.Build.0 = Release|x86
		{2106FA83-E584-4587-A0D9-61155DC6DD03}.Ad-Hoc|Mixed Platforms.Deploy.0 = Release|x86
		{2106FA83-E584-4587-A0D9-61155DC6DD03}.Ad-Hoc|x86.ActiveCfg = Release|x86
		{2106FA83-E584-4587-A0D9-61155DC6DD03}.Ad-Hoc|x86.Build.0 = Release|x86
		{2106FA83-E584-4587-A0D9-61155DC6DD03}.Ad-Hoc|x86.Deploy.0 = Release|x86
		{2106FA83-E584-4587-A0D9-61155DC6DD03}.AppStore|Any CPU.ActiveCfg = Release|Any CPU
		{2106FA83-E584-4587-A0D9-61155DC6DD03}.AppStore|Any CPU.Build.0 = Release|Any CPU
		{2106FA83-E584-4587-A0D9-61155DC6DD03}.AppStore|Any CPU.Deploy.0 = Release|Any CPU
		{2106FA83-E584-4587-A0D9-61155DC6DD03}.AppStore|ARM.ActiveCfg = Release|ARM
		{2106FA83-E584-4587-A0D9-61155DC6DD03}.AppStore|ARM.Build.0 = Release|ARM
		{2106FA83-E584-4587-A0D9-61155DC6DD03}.AppStore|ARM.Deploy.0 = Release|ARM
		{2106FA83-E584-4587-A0D9-61155DC6DD03}.AppStore|iPhone.ActiveCfg = Release|Any CPU
		{2106FA83-E584-4587-A0D9-61155DC6DD03}.AppStore|iPhoneSimulator.ActiveCfg = Release|Any CPU
		{2106FA83-E584-4587-A0D9-61155DC6DD03}.AppStore|Mixed Platforms.ActiveCfg = Release|x86
		{2106FA83-E584-4587-A0D9-61155DC6DD03}.AppStore|Mixed Platforms.Build.0 = Release|x86
		{2106FA83-E584-4587-A0D9-61155DC6DD03}.AppStore|Mixed Platforms.Deploy.0 = Release|x86
		{2106FA83-E584-4587-A0D9-61155DC6DD03}.AppStore|x86.ActiveCfg = Release|x86
		{2106FA83-E584-4587-A0D9-61155DC6DD03}.AppStore|x86.Build.0 = Release|x86
		{2106FA83-E584-4587-A0D9-61155DC6DD03}.AppStore|x86.Deploy.0 = Release|x86
		{2106FA83-E584-4587-A0D9-61155DC6DD03}.Debug|Any CPU.ActiveCfg = Debug|Any CPU
		{2106FA83-E584-4587-A0D9-61155DC6DD03}.Debug|Any CPU.Build.0 = Debug|Any CPU
		{2106FA83-E584-4587-A0D9-61155DC6DD03}.Debug|Any CPU.Deploy.0 = Debug|Any CPU
		{2106FA83-E584-4587-A0D9-61155DC6DD03}.Debug|ARM.ActiveCfg = Debug|ARM
		{2106FA83-E584-4587-A0D9-61155DC6DD03}.Debug|ARM.Build.0 = Debug|ARM
		{2106FA83-E584-4587-A0D9-61155DC6DD03}.Debug|ARM.Deploy.0 = Debug|ARM
		{2106FA83-E584-4587-A0D9-61155DC6DD03}.Debug|iPhone.ActiveCfg = Debug|Any CPU
		{2106FA83-E584-4587-A0D9-61155DC6DD03}.Debug|iPhoneSimulator.ActiveCfg = Debug|Any CPU
		{2106FA83-E584-4587-A0D9-61155DC6DD03}.Debug|Mixed Platforms.ActiveCfg = Debug|x86
		{2106FA83-E584-4587-A0D9-61155DC6DD03}.Debug|Mixed Platforms.Build.0 = Debug|x86
		{2106FA83-E584-4587-A0D9-61155DC6DD03}.Debug|Mixed Platforms.Deploy.0 = Debug|x86
		{2106FA83-E584-4587-A0D9-61155DC6DD03}.Debug|x86.ActiveCfg = Debug|x86
		{2106FA83-E584-4587-A0D9-61155DC6DD03}.Debug|x86.Build.0 = Debug|x86
		{2106FA83-E584-4587-A0D9-61155DC6DD03}.Debug|x86.Deploy.0 = Debug|x86
		{2106FA83-E584-4587-A0D9-61155DC6DD03}.Release|Any CPU.ActiveCfg = Release|Any CPU
		{2106FA83-E584-4587-A0D9-61155DC6DD03}.Release|Any CPU.Build.0 = Release|Any CPU
		{2106FA83-E584-4587-A0D9-61155DC6DD03}.Release|Any CPU.Deploy.0 = Release|Any CPU
		{2106FA83-E584-4587-A0D9-61155DC6DD03}.Release|ARM.ActiveCfg = Release|ARM
		{2106FA83-E584-4587-A0D9-61155DC6DD03}.Release|ARM.Build.0 = Release|ARM
		{2106FA83-E584-4587-A0D9-61155DC6DD03}.Release|ARM.Deploy.0 = Release|ARM
		{2106FA83-E584-4587-A0D9-61155DC6DD03}.Release|iPhone.ActiveCfg = Release|Any CPU
		{2106FA83-E584-4587-A0D9-61155DC6DD03}.Release|iPhoneSimulator.ActiveCfg = Release|Any CPU
		{2106FA83-E584-4587-A0D9-61155DC6DD03}.Release|Mixed Platforms.ActiveCfg = Release|x86
		{2106FA83-E584-4587-A0D9-61155DC6DD03}.Release|Mixed Platforms.Build.0 = Release|x86
		{2106FA83-E584-4587-A0D9-61155DC6DD03}.Release|Mixed Platforms.Deploy.0 = Release|x86
		{2106FA83-E584-4587-A0D9-61155DC6DD03}.Release|x86.ActiveCfg = Release|x86
		{2106FA83-E584-4587-A0D9-61155DC6DD03}.Release|x86.Build.0 = Release|x86
		{2106FA83-E584-4587-A0D9-61155DC6DD03}.Release|x86.Deploy.0 = Release|x86
		{E7387734-5D17-40D2-AD5D-0D6023440D4E}.Ad-Hoc|Any CPU.ActiveCfg = Release|Any CPU
		{E7387734-5D17-40D2-AD5D-0D6023440D4E}.Ad-Hoc|Any CPU.Build.0 = Release|Any CPU
		{E7387734-5D17-40D2-AD5D-0D6023440D4E}.Ad-Hoc|Any CPU.Deploy.0 = Release|Any CPU
		{E7387734-5D17-40D2-AD5D-0D6023440D4E}.Ad-Hoc|ARM.ActiveCfg = Release|ARM
		{E7387734-5D17-40D2-AD5D-0D6023440D4E}.Ad-Hoc|ARM.Build.0 = Release|ARM
		{E7387734-5D17-40D2-AD5D-0D6023440D4E}.Ad-Hoc|ARM.Deploy.0 = Release|ARM
		{E7387734-5D17-40D2-AD5D-0D6023440D4E}.Ad-Hoc|iPhone.ActiveCfg = Release|Any CPU
		{E7387734-5D17-40D2-AD5D-0D6023440D4E}.Ad-Hoc|iPhoneSimulator.ActiveCfg = Release|Any CPU
		{E7387734-5D17-40D2-AD5D-0D6023440D4E}.Ad-Hoc|Mixed Platforms.ActiveCfg = Release|x86
		{E7387734-5D17-40D2-AD5D-0D6023440D4E}.Ad-Hoc|Mixed Platforms.Build.0 = Release|x86
		{E7387734-5D17-40D2-AD5D-0D6023440D4E}.Ad-Hoc|Mixed Platforms.Deploy.0 = Release|x86
		{E7387734-5D17-40D2-AD5D-0D6023440D4E}.Ad-Hoc|x86.ActiveCfg = Release|x86
		{E7387734-5D17-40D2-AD5D-0D6023440D4E}.Ad-Hoc|x86.Build.0 = Release|x86
		{E7387734-5D17-40D2-AD5D-0D6023440D4E}.Ad-Hoc|x86.Deploy.0 = Release|x86
		{E7387734-5D17-40D2-AD5D-0D6023440D4E}.AppStore|Any CPU.ActiveCfg = Release|Any CPU
		{E7387734-5D17-40D2-AD5D-0D6023440D4E}.AppStore|Any CPU.Build.0 = Release|Any CPU
		{E7387734-5D17-40D2-AD5D-0D6023440D4E}.AppStore|Any CPU.Deploy.0 = Release|Any CPU
		{E7387734-5D17-40D2-AD5D-0D6023440D4E}.AppStore|ARM.ActiveCfg = Release|ARM
		{E7387734-5D17-40D2-AD5D-0D6023440D4E}.AppStore|ARM.Build.0 = Release|ARM
		{E7387734-5D17-40D2-AD5D-0D6023440D4E}.AppStore|ARM.Deploy.0 = Release|ARM
		{E7387734-5D17-40D2-AD5D-0D6023440D4E}.AppStore|iPhone.ActiveCfg = Release|Any CPU
		{E7387734-5D17-40D2-AD5D-0D6023440D4E}.AppStore|iPhoneSimulator.ActiveCfg = Release|Any CPU
		{E7387734-5D17-40D2-AD5D-0D6023440D4E}.AppStore|Mixed Platforms.ActiveCfg = Release|x86
		{E7387734-5D17-40D2-AD5D-0D6023440D4E}.AppStore|Mixed Platforms.Build.0 = Release|x86
		{E7387734-5D17-40D2-AD5D-0D6023440D4E}.AppStore|Mixed Platforms.Deploy.0 = Release|x86
		{E7387734-5D17-40D2-AD5D-0D6023440D4E}.AppStore|x86.ActiveCfg = Release|x86
		{E7387734-5D17-40D2-AD5D-0D6023440D4E}.AppStore|x86.Build.0 = Release|x86
		{E7387734-5D17-40D2-AD5D-0D6023440D4E}.AppStore|x86.Deploy.0 = Release|x86
		{E7387734-5D17-40D2-AD5D-0D6023440D4E}.Debug|Any CPU.ActiveCfg = Debug|Any CPU
		{E7387734-5D17-40D2-AD5D-0D6023440D4E}.Debug|Any CPU.Build.0 = Debug|Any CPU
		{E7387734-5D17-40D2-AD5D-0D6023440D4E}.Debug|Any CPU.Deploy.0 = Debug|Any CPU
		{E7387734-5D17-40D2-AD5D-0D6023440D4E}.Debug|ARM.ActiveCfg = Debug|ARM
		{E7387734-5D17-40D2-AD5D-0D6023440D4E}.Debug|ARM.Build.0 = Debug|ARM
		{E7387734-5D17-40D2-AD5D-0D6023440D4E}.Debug|ARM.Deploy.0 = Debug|ARM
		{E7387734-5D17-40D2-AD5D-0D6023440D4E}.Debug|iPhone.ActiveCfg = Debug|Any CPU
		{E7387734-5D17-40D2-AD5D-0D6023440D4E}.Debug|iPhoneSimulator.ActiveCfg = Debug|Any CPU
		{E7387734-5D17-40D2-AD5D-0D6023440D4E}.Debug|Mixed Platforms.ActiveCfg = Debug|x86
		{E7387734-5D17-40D2-AD5D-0D6023440D4E}.Debug|Mixed Platforms.Build.0 = Debug|x86
		{E7387734-5D17-40D2-AD5D-0D6023440D4E}.Debug|Mixed Platforms.Deploy.0 = Debug|x86
		{E7387734-5D17-40D2-AD5D-0D6023440D4E}.Debug|x86.ActiveCfg = Debug|x86
		{E7387734-5D17-40D2-AD5D-0D6023440D4E}.Debug|x86.Build.0 = Debug|x86
		{E7387734-5D17-40D2-AD5D-0D6023440D4E}.Debug|x86.Deploy.0 = Debug|x86
		{E7387734-5D17-40D2-AD5D-0D6023440D4E}.Release|Any CPU.ActiveCfg = Release|Any CPU
		{E7387734-5D17-40D2-AD5D-0D6023440D4E}.Release|Any CPU.Build.0 = Release|Any CPU
		{E7387734-5D17-40D2-AD5D-0D6023440D4E}.Release|Any CPU.Deploy.0 = Release|Any CPU
		{E7387734-5D17-40D2-AD5D-0D6023440D4E}.Release|ARM.ActiveCfg = Release|ARM
		{E7387734-5D17-40D2-AD5D-0D6023440D4E}.Release|ARM.Build.0 = Release|ARM
		{E7387734-5D17-40D2-AD5D-0D6023440D4E}.Release|ARM.Deploy.0 = Release|ARM
		{E7387734-5D17-40D2-AD5D-0D6023440D4E}.Release|iPhone.ActiveCfg = Release|Any CPU
		{E7387734-5D17-40D2-AD5D-0D6023440D4E}.Release|iPhoneSimulator.ActiveCfg = Release|Any CPU
		{E7387734-5D17-40D2-AD5D-0D6023440D4E}.Release|Mixed Platforms.ActiveCfg = Release|x86
		{E7387734-5D17-40D2-AD5D-0D6023440D4E}.Release|Mixed Platforms.Build.0 = Release|x86
		{E7387734-5D17-40D2-AD5D-0D6023440D4E}.Release|Mixed Platforms.Deploy.0 = Release|x86
		{E7387734-5D17-40D2-AD5D-0D6023440D4E}.Release|x86.ActiveCfg = Release|x86
		{E7387734-5D17-40D2-AD5D-0D6023440D4E}.Release|x86.Build.0 = Release|x86
		{E7387734-5D17-40D2-AD5D-0D6023440D4E}.Release|x86.Deploy.0 = Release|x86
		{B99C567E-E57D-424B-A797-2E7CE097C466}.Ad-Hoc|Any CPU.ActiveCfg = Ad-Hoc|iPhone
		{B99C567E-E57D-424B-A797-2E7CE097C466}.Ad-Hoc|ARM.ActiveCfg = Ad-Hoc|iPhone
		{B99C567E-E57D-424B-A797-2E7CE097C466}.Ad-Hoc|iPhone.ActiveCfg = Ad-Hoc|iPhone
		{B99C567E-E57D-424B-A797-2E7CE097C466}.Ad-Hoc|iPhone.Build.0 = Ad-Hoc|iPhone
		{B99C567E-E57D-424B-A797-2E7CE097C466}.Ad-Hoc|iPhoneSimulator.ActiveCfg = Ad-Hoc|iPhoneSimulator
		{B99C567E-E57D-424B-A797-2E7CE097C466}.Ad-Hoc|iPhoneSimulator.Build.0 = Ad-Hoc|iPhoneSimulator
		{B99C567E-E57D-424B-A797-2E7CE097C466}.Ad-Hoc|Mixed Platforms.ActiveCfg = Ad-Hoc|iPhone
		{B99C567E-E57D-424B-A797-2E7CE097C466}.Ad-Hoc|Mixed Platforms.Build.0 = Ad-Hoc|iPhone
		{B99C567E-E57D-424B-A797-2E7CE097C466}.Ad-Hoc|x86.ActiveCfg = Ad-Hoc|iPhone
		{B99C567E-E57D-424B-A797-2E7CE097C466}.AppStore|Any CPU.ActiveCfg = AppStore|iPhone
		{B99C567E-E57D-424B-A797-2E7CE097C466}.AppStore|ARM.ActiveCfg = AppStore|iPhone
		{B99C567E-E57D-424B-A797-2E7CE097C466}.AppStore|iPhone.ActiveCfg = AppStore|iPhone
		{B99C567E-E57D-424B-A797-2E7CE097C466}.AppStore|iPhone.Build.0 = AppStore|iPhone
		{B99C567E-E57D-424B-A797-2E7CE097C466}.AppStore|iPhoneSimulator.ActiveCfg = AppStore|iPhoneSimulator
		{B99C567E-E57D-424B-A797-2E7CE097C466}.AppStore|iPhoneSimulator.Build.0 = AppStore|iPhoneSimulator
		{B99C567E-E57D-424B-A797-2E7CE097C466}.AppStore|Mixed Platforms.ActiveCfg = AppStore|iPhone
		{B99C567E-E57D-424B-A797-2E7CE097C466}.AppStore|Mixed Platforms.Build.0 = AppStore|iPhone
		{B99C567E-E57D-424B-A797-2E7CE097C466}.AppStore|x86.ActiveCfg = AppStore|iPhone
		{B99C567E-E57D-424B-A797-2E7CE097C466}.Debug|Any CPU.ActiveCfg = Debug|iPhone
		{B99C567E-E57D-424B-A797-2E7CE097C466}.Debug|ARM.ActiveCfg = Debug|iPhone
		{B99C567E-E57D-424B-A797-2E7CE097C466}.Debug|iPhone.ActiveCfg = Debug|iPhone
		{B99C567E-E57D-424B-A797-2E7CE097C466}.Debug|iPhone.Build.0 = Debug|iPhone
		{B99C567E-E57D-424B-A797-2E7CE097C466}.Debug|iPhoneSimulator.ActiveCfg = Debug|iPhoneSimulator
		{B99C567E-E57D-424B-A797-2E7CE097C466}.Debug|iPhoneSimulator.Build.0 = Debug|iPhoneSimulator
		{B99C567E-E57D-424B-A797-2E7CE097C466}.Debug|Mixed Platforms.ActiveCfg = Debug|iPhone
		{B99C567E-E57D-424B-A797-2E7CE097C466}.Debug|Mixed Platforms.Build.0 = Debug|iPhone
		{B99C567E-E57D-424B-A797-2E7CE097C466}.Debug|x86.ActiveCfg = Debug|iPhone
		{B99C567E-E57D-424B-A797-2E7CE097C466}.Release|Any CPU.ActiveCfg = Release|iPhone
		{B99C567E-E57D-424B-A797-2E7CE097C466}.Release|ARM.ActiveCfg = Release|iPhone
		{B99C567E-E57D-424B-A797-2E7CE097C466}.Release|iPhone.ActiveCfg = Release|iPhone
		{B99C567E-E57D-424B-A797-2E7CE097C466}.Release|iPhone.Build.0 = Release|iPhone
		{B99C567E-E57D-424B-A797-2E7CE097C466}.Release|iPhoneSimulator.ActiveCfg = Release|iPhoneSimulator
		{B99C567E-E57D-424B-A797-2E7CE097C466}.Release|iPhoneSimulator.Build.0 = Release|iPhoneSimulator
		{B99C567E-E57D-424B-A797-2E7CE097C466}.Release|Mixed Platforms.ActiveCfg = Release|iPhone
		{B99C567E-E57D-424B-A797-2E7CE097C466}.Release|Mixed Platforms.Build.0 = Release|iPhone
		{B99C567E-E57D-424B-A797-2E7CE097C466}.Release|x86.ActiveCfg = Release|iPhone
		{C6539998-28D9-4A7E-B1B6-BFA6E1B1CA5A}.Ad-Hoc|Any CPU.ActiveCfg = Release|Any CPU
		{C6539998-28D9-4A7E-B1B6-BFA6E1B1CA5A}.Ad-Hoc|Any CPU.Build.0 = Release|Any CPU
		{C6539998-28D9-4A7E-B1B6-BFA6E1B1CA5A}.Ad-Hoc|Any CPU.Deploy.0 = Release|Any CPU
		{C6539998-28D9-4A7E-B1B6-BFA6E1B1CA5A}.Ad-Hoc|ARM.ActiveCfg = Release|Any CPU
		{C6539998-28D9-4A7E-B1B6-BFA6E1B1CA5A}.Ad-Hoc|iPhone.ActiveCfg = Release|Any CPU
		{C6539998-28D9-4A7E-B1B6-BFA6E1B1CA5A}.Ad-Hoc|iPhoneSimulator.ActiveCfg = Release|Any CPU
		{C6539998-28D9-4A7E-B1B6-BFA6E1B1CA5A}.Ad-Hoc|Mixed Platforms.ActiveCfg = Release|Any CPU
		{C6539998-28D9-4A7E-B1B6-BFA6E1B1CA5A}.Ad-Hoc|Mixed Platforms.Build.0 = Release|Any CPU
		{C6539998-28D9-4A7E-B1B6-BFA6E1B1CA5A}.Ad-Hoc|Mixed Platforms.Deploy.0 = Release|Any CPU
		{C6539998-28D9-4A7E-B1B6-BFA6E1B1CA5A}.Ad-Hoc|x86.ActiveCfg = Release|Any CPU
		{C6539998-28D9-4A7E-B1B6-BFA6E1B1CA5A}.AppStore|Any CPU.ActiveCfg = Release|Any CPU
		{C6539998-28D9-4A7E-B1B6-BFA6E1B1CA5A}.AppStore|Any CPU.Build.0 = Release|Any CPU
		{C6539998-28D9-4A7E-B1B6-BFA6E1B1CA5A}.AppStore|Any CPU.Deploy.0 = Release|Any CPU
		{C6539998-28D9-4A7E-B1B6-BFA6E1B1CA5A}.AppStore|ARM.ActiveCfg = Release|Any CPU
		{C6539998-28D9-4A7E-B1B6-BFA6E1B1CA5A}.AppStore|iPhone.ActiveCfg = Release|Any CPU
		{C6539998-28D9-4A7E-B1B6-BFA6E1B1CA5A}.AppStore|iPhoneSimulator.ActiveCfg = Release|Any CPU
		{C6539998-28D9-4A7E-B1B6-BFA6E1B1CA5A}.AppStore|Mixed Platforms.ActiveCfg = Release|Any CPU
		{C6539998-28D9-4A7E-B1B6-BFA6E1B1CA5A}.AppStore|Mixed Platforms.Build.0 = Release|Any CPU
		{C6539998-28D9-4A7E-B1B6-BFA6E1B1CA5A}.AppStore|Mixed Platforms.Deploy.0 = Release|Any CPU
		{C6539998-28D9-4A7E-B1B6-BFA6E1B1CA5A}.AppStore|x86.ActiveCfg = Release|Any CPU
		{C6539998-28D9-4A7E-B1B6-BFA6E1B1CA5A}.Debug|Any CPU.ActiveCfg = Debug|Any CPU
		{C6539998-28D9-4A7E-B1B6-BFA6E1B1CA5A}.Debug|Any CPU.Build.0 = Debug|Any CPU
		{C6539998-28D9-4A7E-B1B6-BFA6E1B1CA5A}.Debug|Any CPU.Deploy.0 = Debug|Any CPU
		{C6539998-28D9-4A7E-B1B6-BFA6E1B1CA5A}.Debug|ARM.ActiveCfg = Debug|Any CPU
		{C6539998-28D9-4A7E-B1B6-BFA6E1B1CA5A}.Debug|iPhone.ActiveCfg = Debug|Any CPU
		{C6539998-28D9-4A7E-B1B6-BFA6E1B1CA5A}.Debug|iPhoneSimulator.ActiveCfg = Debug|Any CPU
		{C6539998-28D9-4A7E-B1B6-BFA6E1B1CA5A}.Debug|Mixed Platforms.ActiveCfg = Debug|Any CPU
		{C6539998-28D9-4A7E-B1B6-BFA6E1B1CA5A}.Debug|Mixed Platforms.Build.0 = Debug|Any CPU
		{C6539998-28D9-4A7E-B1B6-BFA6E1B1CA5A}.Debug|Mixed Platforms.Deploy.0 = Debug|Any CPU
		{C6539998-28D9-4A7E-B1B6-BFA6E1B1CA5A}.Debug|x86.ActiveCfg = Debug|Any CPU
		{C6539998-28D9-4A7E-B1B6-BFA6E1B1CA5A}.Release|Any CPU.ActiveCfg = Release|Any CPU
		{C6539998-28D9-4A7E-B1B6-BFA6E1B1CA5A}.Release|Any CPU.Build.0 = Release|Any CPU
		{C6539998-28D9-4A7E-B1B6-BFA6E1B1CA5A}.Release|Any CPU.Deploy.0 = Release|Any CPU
		{C6539998-28D9-4A7E-B1B6-BFA6E1B1CA5A}.Release|ARM.ActiveCfg = Release|Any CPU
		{C6539998-28D9-4A7E-B1B6-BFA6E1B1CA5A}.Release|iPhone.ActiveCfg = Release|Any CPU
		{C6539998-28D9-4A7E-B1B6-BFA6E1B1CA5A}.Release|iPhoneSimulator.ActiveCfg = Release|Any CPU
		{C6539998-28D9-4A7E-B1B6-BFA6E1B1CA5A}.Release|Mixed Platforms.ActiveCfg = Release|Any CPU
		{C6539998-28D9-4A7E-B1B6-BFA6E1B1CA5A}.Release|Mixed Platforms.Build.0 = Release|Any CPU
		{C6539998-28D9-4A7E-B1B6-BFA6E1B1CA5A}.Release|Mixed Platforms.Deploy.0 = Release|Any CPU
		{C6539998-28D9-4A7E-B1B6-BFA6E1B1CA5A}.Release|x86.ActiveCfg = Release|Any CPU
		{5DB22B47-9399-483F-83B3-A0B4F2756025}.Ad-Hoc|Any CPU.ActiveCfg = Release|Any CPU
		{5DB22B47-9399-483F-83B3-A0B4F2756025}.Ad-Hoc|Any CPU.Build.0 = Release|Any CPU
		{5DB22B47-9399-483F-83B3-A0B4F2756025}.Ad-Hoc|ARM.ActiveCfg = Release|Any CPU
		{5DB22B47-9399-483F-83B3-A0B4F2756025}.Ad-Hoc|iPhone.ActiveCfg = Release|Any CPU
		{5DB22B47-9399-483F-83B3-A0B4F2756025}.Ad-Hoc|iPhoneSimulator.ActiveCfg = Release|Any CPU
		{5DB22B47-9399-483F-83B3-A0B4F2756025}.Ad-Hoc|Mixed Platforms.ActiveCfg = Release|Any CPU
		{5DB22B47-9399-483F-83B3-A0B4F2756025}.Ad-Hoc|Mixed Platforms.Build.0 = Release|Any CPU
		{5DB22B47-9399-483F-83B3-A0B4F2756025}.Ad-Hoc|x86.ActiveCfg = Release|Any CPU
		{5DB22B47-9399-483F-83B3-A0B4F2756025}.AppStore|Any CPU.ActiveCfg = Release|Any CPU
		{5DB22B47-9399-483F-83B3-A0B4F2756025}.AppStore|Any CPU.Build.0 = Release|Any CPU
		{5DB22B47-9399-483F-83B3-A0B4F2756025}.AppStore|ARM.ActiveCfg = Release|Any CPU
		{5DB22B47-9399-483F-83B3-A0B4F2756025}.AppStore|iPhone.ActiveCfg = Release|Any CPU
		{5DB22B47-9399-483F-83B3-A0B4F2756025}.AppStore|iPhoneSimulator.ActiveCfg = Release|Any CPU
		{5DB22B47-9399-483F-83B3-A0B4F2756025}.AppStore|Mixed Platforms.ActiveCfg = Release|Any CPU
		{5DB22B47-9399-483F-83B3-A0B4F2756025}.AppStore|Mixed Platforms.Build.0 = Release|Any CPU
		{5DB22B47-9399-483F-83B3-A0B4F2756025}.AppStore|x86.ActiveCfg = Release|Any CPU
		{5DB22B47-9399-483F-83B3-A0B4F2756025}.Debug|Any CPU.ActiveCfg = Debug|Any CPU
		{5DB22B47-9399-483F-83B3-A0B4F2756025}.Debug|Any CPU.Build.0 = Debug|Any CPU
		{5DB22B47-9399-483F-83B3-A0B4F2756025}.Debug|ARM.ActiveCfg = Debug|Any CPU
		{5DB22B47-9399-483F-83B3-A0B4F2756025}.Debug|iPhone.ActiveCfg = Debug|Any CPU
		{5DB22B47-9399-483F-83B3-A0B4F2756025}.Debug|iPhoneSimulator.ActiveCfg = Debug|Any CPU
		{5DB22B47-9399-483F-83B3-A0B4F2756025}.Debug|Mixed Platforms.ActiveCfg = Debug|Any CPU
		{5DB22B47-9399-483F-83B3-A0B4F2756025}.Debug|Mixed Platforms.Build.0 = Debug|Any CPU
		{5DB22B47-9399-483F-83B3-A0B4F2756025}.Debug|x86.ActiveCfg = Debug|Any CPU
		{5DB22B47-9399-483F-83B3-A0B4F2756025}.Release|Any CPU.ActiveCfg = Release|Any CPU
		{5DB22B47-9399-483F-83B3-A0B4F2756025}.Release|Any CPU.Build.0 = Release|Any CPU
		{5DB22B47-9399-483F-83B3-A0B4F2756025}.Release|ARM.ActiveCfg = Release|Any CPU
		{5DB22B47-9399-483F-83B3-A0B4F2756025}.Release|iPhone.ActiveCfg = Release|Any CPU
		{5DB22B47-9399-483F-83B3-A0B4F2756025}.Release|iPhoneSimulator.ActiveCfg = Release|Any CPU
		{5DB22B47-9399-483F-83B3-A0B4F2756025}.Release|Mixed Platforms.ActiveCfg = Release|Any CPU
		{5DB22B47-9399-483F-83B3-A0B4F2756025}.Release|Mixed Platforms.Build.0 = Release|Any CPU
		{5DB22B47-9399-483F-83B3-A0B4F2756025}.Release|x86.ActiveCfg = Release|Any CPU
	EndGlobalSection
	GlobalSection(SolutionProperties) = preSolution
		HideSolutionNode = FALSE
	EndGlobalSection
EndGlobal
